
Microsoft Visual Studio Solution File, Format Version 12.00
# Visual Studio Version 17
VisualStudioVersion = 17.11.35431.28
MinimumVisualStudioVersion = 10.0.40219.1
Project("{FAE04EC0-301F-11D3-BF4B-00C04F79EFBC}") = "upr19", "upr19\upr19.csproj", "{C200A13A-250F-4B10-B589-F67001922E2F}"
EndProject
Global
	GlobalSection(SolutionConfigurationPlatforms) = preSolution
		Debug|Any CPU = Debug|Any CPU
		Release|Any CPU = Release|Any CPU
	EndGlobalSection
	GlobalSection(ProjectConfigurationPlatforms) = postSolution
		{C200A13A-250F-4B10-B589-F67001922E2F}.Debug|Any CPU.ActiveCfg = Debug|Any CPU
		{C200A13A-250F-4B10-B589-F67001922E2F}.Debug|Any CPU.Build.0 = Debug|Any CPU
		{C200A13A-250F-4B10-B589-F67001922E2F}.Release|Any CPU.ActiveCfg = Release|Any CPU
		{C200A13A-250F-4B10-B589-F67001922E2F}.Release|Any CPU.Build.0 = Release|Any CPU
	EndGlobalSection
	GlobalSection(SolutionProperties) = preSolution
		HideSolutionNode = FALSE
	EndGlobalSection
	GlobalSection(ExtensibilityGlobals) = postSolution
		SolutionGuid = {81D60488-AE56-4AC0-AE4E-7B42CCFC8C1C}
	EndGlobalSection
EndGlobal
